{
  "version": 4,
  "terraform_version": "0.12.24",
  "serial": 3,
  "lineage": "bdbdff83-d50f-af85-9976-24b04f661e89",
  "outputs": {
    "image_out_main": {
      "value": "sha256:57aae2a3c8fdeb1d70b8794f94c229b937893d1bf5e6ad1d674f83b9d8b3379a",
      "type": "string"
    }
  },
  "resources": [
    {
      "module": "module.image",
      "mode": "managed",
      "type": "docker_image",
      "name": "image_id",
      "provider": "provider.docker",
      "instances": [
        {
          "schema_version": 0,
          "attributes": {
            "id": "sha256:57aae2a3c8fdeb1d70b8794f94c229b937893d1bf5e6ad1d674f83b9d8b3379aghost:latest",
            "keep_locally": null,
            "latest": "sha256:57aae2a3c8fdeb1d70b8794f94c229b937893d1bf5e6ad1d674f83b9d8b3379a",
            "name": "ghost:latest",
            "pull_trigger": null,
            "pull_triggers": null
          },
          "private": "bnVsbA=="
        }
      ]
    }
  ]
}
